
Microsoft Visual Studio Solution File, Format Version 12.00
# Visual Studio 15
VisualStudioVersion = 15.0.28307.1209
MinimumVisualStudioVersion = 10.0.40219.1
Project("{FAE04EC0-301F-11D3-BF4B-00C04F79EFBC}") = "M7_Project_Works", "M7_Project_Works\M7_Project_Works.csproj", "{D0373248-CBD5-4D27-8401-067AE912D7F8}"
EndProject
Global
	GlobalSection(SolutionConfigurationPlatforms) = preSolution
		Debug|Any CPU = Debug|Any CPU
		Release|Any CPU = Release|Any CPU
	EndGlobalSection
	GlobalSection(ProjectConfigurationPlatforms) = postSolution
		{D0373248-CBD5-4D27-8401-067AE912D7F8}.Debug|Any CPU.ActiveCfg = Debug|Any CPU
		{D0373248-CBD5-4D27-8401-067AE912D7F8}.Debug|Any CPU.Build.0 = Debug|Any CPU
		{D0373248-CBD5-4D27-8401-067AE912D7F8}.Release|Any CPU.ActiveCfg = Release|Any CPU
		{D0373248-CBD5-4D27-8401-067AE912D7F8}.Release|Any CPU.Build.0 = Release|Any CPU
	EndGlobalSection
	GlobalSection(SolutionProperties) = preSolution
		HideSolutionNode = FALSE
	EndGlobalSection
	GlobalSection(ExtensibilityGlobals) = postSolution
		SolutionGuid = {31069432-C1E6-4305-8E46-3C766795307B}
	EndGlobalSection
EndGlobal
